
Microsoft Visual Studio Solution File, Format Version 12.00
# Visual Studio 15
VisualStudioVersion = 15.0.28307.705
MinimumVisualStudioVersion = 10.0.40219.1
Project("{FAE04EC0-301F-11D3-BF4B-00C04F79EFBC}") = "Task_2", "Task_2\Task_2.csproj", "{27ECADD4-EF8D-42C6-AE7A-2A9C6732B1A2}"
EndProject
Project("{FAE04EC0-301F-11D3-BF4B-00C04F79EFBC}") = "Task_2_Lib", "Task_2_Lib\Task_2_Lib.csproj", "{B467AC30-70E9-4475-A335-80E7996C9BCC}"
EndProject
Global
	GlobalSection(SolutionConfigurationPlatforms) = preSolution
		Debug|Any CPU = Debug|Any CPU
		Release|Any CPU = Release|Any CPU
	EndGlobalSection
	GlobalSection(ProjectConfigurationPlatforms) = postSolution
		{27ECADD4-EF8D-42C6-AE7A-2A9C6732B1A2}.Debug|Any CPU.ActiveCfg = Debug|Any CPU
		{27ECADD4-EF8D-42C6-AE7A-2A9C6732B1A2}.Debug|Any CPU.Build.0 = Debug|Any CPU
		{27ECADD4-EF8D-42C6-AE7A-2A9C6732B1A2}.Release|Any CPU.ActiveCfg = Release|Any CPU
		{27ECADD4-EF8D-42C6-AE7A-2A9C6732B1A2}.Release|Any CPU.Build.0 = Release|Any CPU
		{B467AC30-70E9-4475-A335-80E7996C9BCC}.Debug|Any CPU.ActiveCfg = Debug|Any CPU
		{B467AC30-70E9-4475-A335-80E7996C9BCC}.Debug|Any CPU.Build.0 = Debug|Any CPU
		{B467AC30-70E9-4475-A335-80E7996C9BCC}.Release|Any CPU.ActiveCfg = Release|Any CPU
		{B467AC30-70E9-4475-A335-80E7996C9BCC}.Release|Any CPU.Build.0 = Release|Any CPU
	EndGlobalSection
	GlobalSection(SolutionProperties) = preSolution
		HideSolutionNode = FALSE
	EndGlobalSection
	GlobalSection(ExtensibilityGlobals) = postSolution
		SolutionGuid = {C135CA35-2B84-490D-B69C-1D160592F86B}
	EndGlobalSection
EndGlobal
